// !$*UTF8*$!
{
	archiveVersion = 1;
	classes = {
	};
	objectVersion = 46;
	objects = {

/* Begin PBXBuildFile section */
		14159D731D62EBB00038CB4C /* main.m in Sources */ = {isa = PBXBuildFile; fileRef = 14159D721D62EBB00038CB4C /* main.m */; };
		14159D761D62EBB00038CB4C /* AppDelegate.m in Sources */ = {isa = PBXBuildFile; fileRef = 14159D751D62EBB00038CB4C /* AppDelegate.m */; };
		14159D791D62EBB00038CB4C /* ViewController.m in Sources */ = {isa = PBXBuildFile; fileRef = 14159D781D62EBB00038CB4C /* ViewController.m */; };
		14159D7C1D62EBB00038CB4C /* Main.storyboard in Resources */ = {isa = PBXBuildFile; fileRef = 14159D7A1D62EBB00038CB4C /* Main.storyboard */; };
		14159D7E1D62EBB00038CB4C /* Assets.xcassets in Resources */ = {isa = PBXBuildFile; fileRef = 14159D7D1D62EBB00038CB4C /* Assets.xcassets */; };
		14159D811D62EBB00038CB4C /* LaunchScreen.storyboard in Resources */ = {isa = PBXBuildFile; fileRef = 14159D7F1D62EBB00038CB4C /* LaunchScreen.storyboard */; };
		14159D8C1D62EBB10038CB4C /* test01Tests.m in Sources */ = {isa = PBXBuildFile; fileRef = 14159D8B1D62EBB10038CB4C /* test01Tests.m */; };
		14159D971D62EBB10038CB4C /* test01UITests.m in Sources */ = {isa = PBXBuildFile; fileRef = 14159D961D62EBB10038CB4C /* test01UITests.m */; };
/* End PBXBuildFile section */

/* Begin PBXContainerItemProxy section */
		14159D881D62EBB10038CB4C /* PBXContainerItemProxy */ = {
			isa = PBXContainerItemProxy;
			containerPortal = 14159D661D62EBB00038CB4C /* Project object */;
			proxyType = 1;
			remoteGlobalIDString = 14159D6D1D62EBB00038CB4C;
			remoteInfo = test01;
		};
		14159D931D62EBB10038CB4C /* PBXContainerItemProxy */ = {
			isa = PBXContainerItemProxy;
			containerPortal = 14159D661D62EBB00038CB4C /* Project object */;
			proxyType = 1;
			remoteGlobalIDString = 14159D6D1D62EBB00038CB4C;
			remoteInfo = test01;
		};
/* End PBXContainerItemProxy section */

/* Begin PBXFileReference section */
		14159D6E1D62EBB00038CB4C /* test01.app */ = {isa = PBXFileReference; explicitFileType = wrapper.application; includeInIndex = 0; path = test01.app; sourceTree = BUILT_PRODUCTS_DIR; };
		14159D721D62EBB00038CB4C /* main.m */ = {isa = PBXFileReference; lastKnownFileType = sourcecode.c.objc; path = main.m; sourceTree = "<group>"; };
		14159D741D62EBB00038CB4C /* AppDelegate.h */ = {isa = PBXFileReference; lastKnownFileType = sourcecode.c.h; path = AppDelegate.h; sourceTree = "<group>"; };
		14159D751D62EBB00038CB4C /* AppDelegate.m */ = {isa = PBXFileReference; lastKnownFileType = sourcecode.c.objc; path = AppDelegate.m; sourceTree = "<group>"; };
		14159D771D62EBB00038CB4C /* ViewController.h */ = {isa = PBXFileReference; lastKnownFileType = sourcecode.c.h; path = ViewController.h; sourceTree = "<group>"; };
		14159D781D62EBB00038CB4C /* ViewController.m */ = {isa = PBXFileReference; lastKnownFileType = sourcecode.c.objc; path = ViewController.m; sourceTree = "<group>"; };
		14159D7B1D62EBB00038CB4C /* Base */ = {isa = PBXFileReference; lastKnownFileType = file.storyboard; name = Base; path = Base.lproj/Main.storyboard; sourceTree = "<group>"; };
		14159D7D1D62EBB00038CB4C /* Assets.xcassets */ = {isa = PBXFileReference; lastKnownFileType = folder.assetcatalog; path = Assets.xcassets; sourceTree = "<group>"; };
		14159D801D62EBB00038CB4C /* Base */ = {isa = PBXFileReference; lastKnownFileType = file.storyboard; name = Base; path = Base.lproj/LaunchScreen.storyboard; sourceTree = "<group>"; };
		14159D821D62EBB00038CB4C /* Info.plist */ = {isa = PBXFileReference; lastKnownFileType = text.plist.xml; path = Info.plist; sourceTree = "<group>"; };
		14159D871D62EBB10038CB4C /* test01Tests.xctest */ = {isa = PBXFileReference; explicitFileType = wrapper.cfbundle; includeInIndex = 0; path = test01Tests.xctest; sourceTree = BUILT_PRODUCTS_DIR; };
		14159D8B1D62EBB10038CB4C /* test01Tests.m */ = {isa = PBXFileReference; lastKnownFileType = sourcecode.c.objc; path = test01Tests.m; sourceTree = "<group>"; };
		14159D8D1D62EBB10038CB4C /* Info.plist */ = {isa = PBXFileReference; lastKnownFileType = text.plist.xml; path = Info.plist; sourceTree = "<group>"; };
		14159D921D62EBB10038CB4C /* test01UITests.xctest */ = {isa = PBXFileReference; explicitFileType = wrapper.cfbundle; includeInIndex = 0; path = test01UITests.xctest; sourceTree = BUILT_PRODUCTS_DIR; };
		14159D961D62EBB10038CB4C /* test01UITests.m */ = {isa = PBXFileReference; lastKnownFileType = sourcecode.c.objc; path = test01UITests.m; sourceTree = "<group>"; };
		14159D981D62EBB10038CB4C /* Info.plist */ = {isa = PBXFileReference; lastKnownFileType = text.plist.xml; path = Info.plist; sourceTree = "<group>"; };
/* End PBXFileReference section */

/* Begin PBXFrameworksBuildPhase section */
		14159D6B1D62EBB00038CB4C /* Frameworks */ = {
			isa = PBXFrameworksBuildPhase;
			buildActionMask = 2147483647;
			files = (
			);
			runOnlyForDeploymentPostprocessing = 0;
		};
		14159D841D62EBB10038CB4C /* Frameworks */ = {
			isa = PBXFrameworksBuildPhase;
			buildActionMask = 2147483647;
			files = (
			);
			runOnlyForDeploymentPostprocessing = 0;
		};
		14159D8F1D62EBB10038CB4C /* Frameworks */ = {
			isa = PBXFrameworksBuildPhase;
			buildActionMask = 2147483647;
			files = (
			);
			runOnlyForDeploymentPostprocessing = 0;
		};
/* End PBXFrameworksBuildPhase section */

/* Begin PBXGroup section */
		14159D651D62EBB00038CB4C = {
			isa = PBXGroup;
			children = (
				14159D701D62EBB00038CB4C /* test01 */,
				14159D8A1D62EBB10038CB4C /* test01Tests */,
				14159D951D62EBB10038CB4C /* test01UITests */,
				14159D6F1D62EBB00038CB4C /* Products */,
			);
			sourceTree = "<group>";
		};
		14159D6F1D62EBB00038CB4C /* Products */ = {
			isa = PBXGroup;
			children = (
				14159D6E1D62EBB00038CB4C /* test01.app */,
				14159D871D62EBB10038CB4C /* test01Tests.xctest */,
				14159D921D62EBB10038CB4C /* test01UITests.xctest */,
			);
			name = Products;
			sourceTree = "<group>";
		};
		14159D701D62EBB00038CB4C /* test01 */ = {
			isa = PBXGroup;
			children = (
				14159D741D62EBB00038CB4C /* AppDelegate.h */,
				14159D751D62EBB00038CB4C /* AppDelegate.m */,
				14159D771D62EBB00038CB4C /* ViewController.h */,
				14159D781D62EBB00038CB4C /* ViewController.m */,
				14159D7A1D62EBB00038CB4C /* Main.storyboard */,
				14159D7D1D62EBB00038CB4C /* Assets.xcassets */,
				14159D7F1D62EBB00038CB4C /* LaunchScreen.storyboard */,
				14159D821D62EBB00038CB4C /* Info.plist */,
				14159D711D62EBB00038CB4C /* Supporting Files */,
			);
			path = test01;
			sourceTree = "<group>";
		};
		14159D711D62EBB00038CB4C /* Supporting Files */ = {
			isa = PBXGroup;
			children = (
				14159D721D62EBB00038CB4C /* main.m */,
			);
			name = "Supporting Files";
			sourceTree = "<group>";
		};
		14159D8A1D62EBB10038CB4C /* test01Tests */ = {
			isa = PBXGroup;
			children = (
				14159D8B1D62EBB10038CB4C /* test01Tests.m */,
				14159D8D1D62EBB10038CB4C /* Info.plist */,
			);
			path = test01Tests;
			sourceTree = "<group>";
		};
		14159D951D62EBB10038CB4C /* test01UITests */ = {
			isa = PBXGroup;
			children = (
				14159D961D62EBB10038CB4C /* test01UITests.m */,
				14159D981D62EBB10038CB4C /* Info.plist */,
			);
			path = test01UITests;
			sourceTree = "<group>";
		};
/* End PBXGroup section */

/* Begin PBXNativeTarget section */
		14159D6D1D62EBB00038CB4C /* test01 */ = {
			isa = PBXNativeTarget;
			buildConfigurationList = 14159D9B1D62EBB10038CB4C /* Build configuration list for PBXNativeTarget "test01" */;
			buildPhases = (
				14159D6A1D62EBB00038CB4C /* Sources */,
				14159D6B1D62EBB00038CB4C /* Frameworks */,
				14159D6C1D62EBB00038CB4C /* Resources */,
			);
			buildRules = (
			);
			dependencies = (
			);
			name = test01;
			productName = test01;
			productReference = 14159D6E1D62EBB00038CB4C /* test01.app */;
			productType = "com.apple.product-type.application";
		};
		14159D861D62EBB10038CB4C /* test01Tests */ = {
			isa = PBXNativeTarget;
			buildConfigurationList = 14159D9E1D62EBB10038CB4C /* Build configuration list for PBXNativeTarget "test01Tests" */;
			buildPhases = (
				14159D831D62EBB10038CB4C /* Sources */,
				14159D841D62EBB10038CB4C /* Frameworks */,
				14159D851D62EBB10038CB4C /* Resources */,
			);
			buildRules = (
			);
			dependencies = (
				14159D891D62EBB10038CB4C /* PBXTargetDependency */,
			);
			name = test01Tests;
			productName = test01Tests;
			productReference = 14159D871D62EBB10038CB4C /* test01Tests.xctest */;
			productType = "com.apple.product-type.bundle.unit-test";
		};
		14159D911D62EBB10038CB4C /* test01UITests */ = {
			isa = PBXNativeTarget;
			buildConfigurationList = 14159DA11D62EBB10038CB4C /* Build configuration list for PBXNativeTarget "test01UITests" */;
			buildPhases = (
				14159D8E1D62EBB10038CB4C /* Sources */,
				14159D8F1D62EBB10038CB4C /* Frameworks */,
				14159D901D62EBB10038CB4C /* Resources */,
			);
			buildRules = (
			);
			dependencies = (
				14159D941D62EBB10038CB4C /* PBXTargetDependency */,
			);
			name = test01UITests;
			productName = test01UITests;
			productReference = 14159D921D62EBB10038CB4C /* test01UITests.xctest */;
			productType = "com.apple.product-type.bundle.ui-testing";
		};
/* End PBXNativeTarget section */

/* Begin PBXProject section */
		14159D661D62EBB00038CB4C /* Project object */ = {
			isa = PBXProject;
			attributes = {
				LastUpgradeCheck = 0730;
				ORGANIZATIONNAME = fisher_xia;
				TargetAttributes = {
					14159D6D1D62EBB00038CB4C = {
						CreatedOnToolsVersion = 7.3.1;
					};
					14159D861D62EBB10038CB4C = {
						CreatedOnToolsVersion = 7.3.1;
						TestTargetID = 14159D6D1D62EBB00038CB4C;
					};
					14159D911D62EBB10038CB4C = {
						CreatedOnToolsVersion = 7.3.1;
						TestTargetID = 14159D6D1D62EBB00038CB4C;
					};
				};
			};
			buildConfigurationList = 14159D691D62EBB00038CB4C /* Build configuration list for PBXProject "test01" */;
			compatibilityVersion = "Xcode 3.2";
			developmentRegion = English;
			hasScannedForEncodings = 0;
			knownRegions = (
				en,
				Base,
			);
			mainGroup = 14159D651D62EBB00038CB4C;
			productRefGroup = 14159D6F1D62EBB00038CB4C /* Products */;
			projectDirPath = "";
			projectRoot = "";
			targets = (
				14159D6D1D62EBB00038CB4C /* test01 */,
				14159D861D62EBB10038CB4C /* test01Tests */,
				14159D911D62EBB10038CB4C /* test01UITests */,
			);
		};
/* End PBXProject section */

/* Begin PBXResourcesBuildPhase section */
		14159D6C1D62EBB00038CB4C /* Resources */ = {
			isa = PBXResourcesBuildPhase;
			buildActionMask = 2147483647;
			files = (
				14159D811D62EBB00038CB4C /* LaunchScreen.storyboard in Resources */,
				14159D7E1D62EBB00038CB4C /* Assets.xcassets in Resources */,
				14159D7C1D62EBB00038CB4C /* Main.storyboard in Resources */,
			);
			runOnlyForDeploymentPostprocessing = 0;
		};
		14159D851D62EBB10038CB4C /* Resources */ = {
			isa = PBXResourcesBuildPhase;
			buildActionMask = 2147483647;
			files = (
			);
			runOnlyForDeploymentPostprocessing = 0;
		};
		14159D901D62EBB10038CB4C /* Resources */ = {
			isa = PBXResourcesBuildPhase;
			buildActionMask = 2147483647;
			files = (
			);
			runOnlyForDeploymentPostprocessing = 0;
		};
/* End PBXResourcesBuildPhase section */

/* Begin PBXSourcesBuildPhase section */
		14159D6A1D62EBB00038CB4C /* Sources */ = {
			isa = PBXSourcesBuildPhase;
			buildActionMask = 2147483647;
			files = (
				14159D791D62EBB00038CB4C /* ViewController.m in Sources */,
				14159D761D62EBB00038CB4C /* AppDelegate.m in Sources */,
				14159D731D62EBB00038CB4C /* main.m in Sources */,
			);
			runOnlyForDeploymentPostprocessing = 0;
		};
		14159D831D62EBB10038CB4C /* Sources */ = {
			isa = PBXSourcesBuildPhase;
			buildActionMask = 2147483647;
			files = (
				14159D8C1D62EBB10038CB4C /* test01Tests.m in Sources */,
			);
			runOnlyForDeploymentPostprocessing = 0;
		};
		14159D8E1D62EBB10038CB4C /* Sources */ = {
			isa = PBXSourcesBuildPhase;
			buildActionMask = 2147483647;
			files = (
				14159D971D62EBB10038CB4C /* test01UITests.m in Sources */,
			);
			runOnlyForDeploymentPostprocessing = 0;
		};
/* End PBXSourcesBuildPhase section */

/* Begin PBXTargetDependency section */
		14159D891D62EBB10038CB4C /* PBXTargetDependency */ = {
			isa = PBXTargetDependency;
			target = 14159D6D1D62EBB00038CB4C /* test01 */;
			targetProxy = 14159D881D62EBB10038CB4C /* PBXContainerItemProxy */;
		};
		14159D941D62EBB10038CB4C /* PBXTargetDependency */ = {
			isa = PBXTargetDependency;
			target = 14159D6D1D62EBB00038CB4C /* test01 */;
			targetProxy = 14159D931D62EBB10038CB4C /* PBXContainerItemProxy */;
		};
/* End PBXTargetDependency section */

/* Begin PBXVariantGroup section */
		14159D7A1D62EBB00038CB4C /* Main.storyboard */ = {
			isa = PBXVariantGroup;
			children = (
				14159D7B1D62EBB00038CB4C /* Base */,
			);
			name = Main.storyboard;
			sourceTree = "<group>";
		};
		14159D7F1D62EBB00038CB4C /* LaunchScreen.storyboard */ = {
			isa = PBXVariantGroup;
			children = (
				14159D801D62EBB00038CB4C /* Base */,
			);
			name = LaunchScreen.storyboard;
			sourceTree = "<group>";
		};
/* End PBXVariantGroup section */

/* Begin XCBuildConfiguration section */
		14159D991D62EBB10038CB4C /* Debug */ = {
			isa = XCBuildConfiguration;
			buildSettings = {
				ALWAYS_SEARCH_USER_PATHS = NO;
				CLANG_ANALYZER_NONNULL = YES;
				CLANG_CXX_LANGUAGE_STANDARD = "gnu++0x";
				CLANG_CXX_LIBRARY = "libc++";
				CLANG_ENABLE_MODULES = YES;
				CLANG_ENABLE_OBJC_ARC = YES;
				CLANG_WARN_BOOL_CONVERSION = YES;
				CLANG_WARN_CONSTANT_CONVERSION = YES;
				CLANG_WARN_DIRECT_OBJC_ISA_USAGE = YES_ERROR;
				CLANG_WARN_EMPTY_BODY = YES;
				CLANG_WARN_ENUM_CONVERSION = YES;
				CLANG_WARN_INT_CONVERSION = YES;
				CLANG_WARN_OBJC_ROOT_CLASS = YES_ERROR;
				CLANG_WARN_UNREACHABLE_CODE = YES;
				CLANG_WARN__DUPLICATE_METHOD_MATCH = YES;
				"CODE_SIGN_IDENTITY[sdk=iphoneos*]" = "iPhone Developer";
				COPY_PHASE_STRIP = NO;
				DEBUG_INFORMATION_FORMAT = dwarf;
				ENABLE_STRICT_OBJC_MSGSEND = YES;
				ENABLE_TESTABILITY = YES;
				GCC_C_LANGUAGE_STANDARD = gnu99;
				GCC_DYNAMIC_NO_PIC = NO;
				GCC_NO_COMMON_BLOCKS = YES;
				GCC_OPTIMIZATION_LEVEL = 0;
				GCC_PREPROCESSOR_DEFINITIONS = (
					"DEBUG=1",
					"$(inherited)",
				);
				GCC_WARN_64_TO_32_BIT_CONVERSION = YES;
				GCC_WARN_ABOUT_RETURN_TYPE = YES_ERROR;
				GCC_WARN_UNDECLARED_SELECTOR = YES;
				GCC_WARN_UNINITIALIZED_AUTOS = YES_AGGRESSIVE;
				GCC_WARN_UNUSED_FUNCTION = YES;
				GCC_WARN_UNUSED_VARIABLE = YES;
				IPHONEOS_DEPLOYMENT_TARGET = 9.3;
				MTL_ENABLE_DEBUG_INFO = YES;
				ONLY_ACTIVE_ARCH = YES;
				SDKROOT = iphoneos;
				TARGETED_DEVICE_FAMILY = "1,2";
			};
			name = Debug;
		};
		14159D9A1D62EBB10038CB4C /* Release */ = {
			isa = XCBuildConfiguration;
			buildSettings = {
				ALWAYS_SEARCH_USER_PATHS = NO;
				CLANG_ANALYZER_NONNULL = YES;
				CLANG_CXX_LANGUAGE_STANDARD = "gnu++0x";
				CLANG_CXX_LIBRARY = "libc++";
				CLANG_ENABLE_MODULES = YES;
				CLANG_ENABLE_OBJC_ARC = YES;
				CLANG_WARN_BOOL_CONVERSION = YES;
				CLANG_WARN_CONSTANT_CONVERSION = YES;
				CLANG_WARN_DIRECT_OBJC_ISA_USAGE = YES_ERROR;
				CLANG_WARN_EMPTY_BODY = YES;
				CLANG_WARN_ENUM_CONVERSION = YES;
				CLANG_WARN_INT_CONVERSION = YES;
				CLANG_WARN_OBJC_ROOT_CLASS = YES_ERROR;
				CLANG_WARN_UNREACHABLE_CODE = YES;
				CLANG_WARN__DUPLICATE_METHOD_MATCH = YES;
				"CODE_SIGN_IDENTITY[sdk=iphoneos*]" = "iPhone Developer";
				COPY_PHASE_STRIP = NO;
				DEBUG_INFORMATION_FORMAT = "dwarf-with-dsym";
				ENABLE_NS_ASSERTIONS = NO;
				ENABLE_STRICT_OBJC_MSGSEND = YES;
				GCC_C_LANGUAGE_STANDARD = gnu99;
				GCC_NO_COMMON_BLOCKS = YES;
				GCC_WARN_64_TO_32_BIT_CONVERSION = YES;
				GCC_WARN_ABOUT_RETURN_TYPE = YES_ERROR;
				GCC_WARN_UNDECLARED_SELECTOR = YES;
				GCC_WARN_UNINITIALIZED_AUTOS = YES_AGGRESSIVE;
				GCC_WARN_UNUSED_FUNCTION = YES;
				GCC_WARN_UNUSED_VARIABLE = YES;
				IPHONEOS_DEPLOYMENT_TARGET = 9.3;
				MTL_ENABLE_DEBUG_INFO = NO;
				SDKROOT = iphoneos;
				TARGETED_DEVICE_FAMILY = "1,2";
				VALIDATE_PRODUCT = YES;
			};
			name = Release;
		};
		14159D9C1D62EBB10038CB4C /* Debug */ = {
			isa = XCBuildConfiguration;
			buildSettings = {
				ASSETCATALOG_COMPILER_APPICON_NAME = AppIcon;
				INFOPLIST_FILE = test01/Info.plist;
				LD_RUNPATH_SEARCH_PATHS = "$(inherited) @executable_path/Frameworks";
				PRODUCT_BUNDLE_IDENTIFIER = test01.test01;
				PRODUCT_NAME = "$(TARGET_NAME)";
			};
			name = Debug;
		};
		14159D9D1D62EBB10038CB4C /* Release */ = {
			isa = XCBuildConfiguration;
			buildSettings = {
				ASSETCATALOG_COMPILER_APPICON_NAME = AppIcon;
				INFOPLIST_FILE = test01/Info.plist;
				LD_RUNPATH_SEARCH_PATHS = "$(inherited) @executable_path/Frameworks";
				PRODUCT_BUNDLE_IDENTIFIER = test01.test01;
				PRODUCT_NAME = "$(TARGET_NAME)";
			};
			name = Release;
		};
		14159D9F1D62EBB10038CB4C /* Debug */ = {
			isa = XCBuildConfiguration;
			buildSettings = {
				BUNDLE_LOADER = "$(TEST_HOST)";
				INFOPLIST_FILE = test01Tests/Info.plist;
				LD_RUNPATH_SEARCH_PATHS = "$(inherited) @executable_path/Frameworks @loader_path/Frameworks";
				PRODUCT_BUNDLE_IDENTIFIER = test01.test01Tests;
				PRODUCT_NAME = "$(TARGET_NAME)";
				TEST_HOST = "$(BUILT_PRODUCTS_DIR)/test01.app/test01";
			};
			name = Debug;
		};
		14159DA01D62EBB10038CB4C /* Release */ = {
			isa = XCBuildConfiguration;
			buildSettings = {
				BUNDLE_LOADER = "$(TEST_HOST)";
				INFOPLIST_FILE = test01Tests/Info.plist;
				LD_RUNPATH_SEARCH_PATHS = "$(inherited) @executable_path/Frameworks @loader_path/Frameworks";
				PRODUCT_BUNDLE_IDENTIFIER = test01.test01Tests;
				PRODUCT_NAME = "$(TARGET_NAME)";
				TEST_HOST = "$(BUILT_PRODUCTS_DIR)/test01.app/test01";
			};
			name = Release;
		};
		14159DA21D62EBB10038CB4C /* Debug */ = {
			isa = XCBuildConfiguration;
			buildSettings = {
				INFOPLIST_FILE = test01UITests/Info.plist;
				LD_RUNPATH_SEARCH_PATHS = "$(inherited) @executable_path/Frameworks @loader_path/Frameworks";
				PRODUCT_BUNDLE_IDENTIFIER = test01.test01UITests;
				PRODUCT_NAME = "$(TARGET_NAME)";
				TEST_TARGET_NAME = test01;
			};
			name = Debug;
		};
		14159DA31D62EBB10038CB4C /* Release */ = {
			isa = XCBuildConfiguration;
			buildSettings = {
				INFOPLIST_FILE = test01UITests/Info.plist;
				LD_RUNPATH_SEARCH_PATHS = "$(inherited) @executable_path/Frameworks @loader_path/Frameworks";
				PRODUCT_BUNDLE_IDENTIFIER = test01.test01UITests;
				PRODUCT_NAME = "$(TARGET_NAME)";
				TEST_TARGET_NAME = test01;
			};
			name = Release;
		};
/* End XCBuildConfiguration section */

/* Begin XCConfigurationList section */
		14159D691D62EBB00038CB4C /* Build configuration list for PBXProject "test01" */ = {
			isa = XCConfigurationList;
			buildConfigurations = (
				14159D991D62EBB10038CB4C /* Debug */,
				14159D9A1D62EBB10038CB4C /* Release */,
			);
			defaultConfigurationIsVisible = 0;
			defaultConfigurationName = Release;
		};
		14159D9B1D62EBB10038CB4C /* Build configuration list for PBXNativeTarget "test01" */ = {
			isa = XCConfigurationList;
			buildConfigurations = (
				14159D9C1D62EBB10038CB4C /* Debug */,
				14159D9D1D62EBB10038CB4C /* Release */,
			);
			defaultConfigurationIsVisible = 0;
		};
		14159D9E1D62EBB10038CB4C /* Build configuration list for PBXNativeTarget "test01Tests" */ = {
			isa = XCConfigurationList;
			buildConfigurations = (
				14159D9F1D62EBB10038CB4C /* Debug */,
				14159DA01D62EBB10038CB4C /* Release */,
			);
			defaultConfigurationIsVisible = 0;
		};
		14159DA11D62EBB10038CB4C /* Build configuration list for PBXNativeTarget "test01UITests" */ = {
			isa = XCConfigurationList;
			buildConfigurations = (
				14159DA21D62EBB10038CB4C /* Debug */,
				14159DA31D62EBB10038CB4C /* Release */,
			);
			defaultConfigurationIsVisible = 0;
		};
/* End XCConfigurationList section */
	};
	rootObject = 14159D661D62EBB00038CB4C /* Project object */;
}
