// !$*UTF8*$!
{
	archiveVersion = 1;
	classes = {
	};
	objectVersion = 46;
	objects = {

/* Begin PBXBuildFile section */
		143F98991D6C46220076DCEC /* main.m in Sources */ = {isa = PBXBuildFile; fileRef = 143F98981D6C46220076DCEC /* main.m */; };
		143F989C1D6C46220076DCEC /* AppDelegate.m in Sources */ = {isa = PBXBuildFile; fileRef = 143F989B1D6C46220076DCEC /* AppDelegate.m */; };
		143F989F1D6C46220076DCEC /* ViewController.m in Sources */ = {isa = PBXBuildFile; fileRef = 143F989E1D6C46220076DCEC /* ViewController.m */; };
		143F98A21D6C46220076DCEC /* Main.storyboard in Resources */ = {isa = PBXBuildFile; fileRef = 143F98A01D6C46220076DCEC /* Main.storyboard */; };
		143F98A41D6C46220076DCEC /* Assets.xcassets in Resources */ = {isa = PBXBuildFile; fileRef = 143F98A31D6C46220076DCEC /* Assets.xcassets */; };
		143F98A71D6C46220076DCEC /* LaunchScreen.storyboard in Resources */ = {isa = PBXBuildFile; fileRef = 143F98A51D6C46220076DCEC /* LaunchScreen.storyboard */; };
		143F98B21D6C46220076DCEC /* testapp2Tests.m in Sources */ = {isa = PBXBuildFile; fileRef = 143F98B11D6C46220076DCEC /* testapp2Tests.m */; };
		143F98BD1D6C46220076DCEC /* testapp2UITests.m in Sources */ = {isa = PBXBuildFile; fileRef = 143F98BC1D6C46220076DCEC /* testapp2UITests.m */; };
/* End PBXBuildFile section */

/* Begin PBXContainerItemProxy section */
		143F98AE1D6C46220076DCEC /* PBXContainerItemProxy */ = {
			isa = PBXContainerItemProxy;
			containerPortal = 143F988C1D6C46220076DCEC /* Project object */;
			proxyType = 1;
			remoteGlobalIDString = 143F98931D6C46220076DCEC;
			remoteInfo = testapp2;
		};
		143F98B91D6C46220076DCEC /* PBXContainerItemProxy */ = {
			isa = PBXContainerItemProxy;
			containerPortal = 143F988C1D6C46220076DCEC /* Project object */;
			proxyType = 1;
			remoteGlobalIDString = 143F98931D6C46220076DCEC;
			remoteInfo = testapp2;
		};
/* End PBXContainerItemProxy section */

/* Begin PBXFileReference section */
		143F98941D6C46220076DCEC /* testapp2.app */ = {isa = PBXFileReference; explicitFileType = wrapper.application; includeInIndex = 0; path = testapp2.app; sourceTree = BUILT_PRODUCTS_DIR; };
		143F98981D6C46220076DCEC /* main.m */ = {isa = PBXFileReference; lastKnownFileType = sourcecode.c.objc; path = main.m; sourceTree = "<group>"; };
		143F989A1D6C46220076DCEC /* AppDelegate.h */ = {isa = PBXFileReference; lastKnownFileType = sourcecode.c.h; path = AppDelegate.h; sourceTree = "<group>"; };
		143F989B1D6C46220076DCEC /* AppDelegate.m */ = {isa = PBXFileReference; lastKnownFileType = sourcecode.c.objc; path = AppDelegate.m; sourceTree = "<group>"; };
		143F989D1D6C46220076DCEC /* ViewController.h */ = {isa = PBXFileReference; lastKnownFileType = sourcecode.c.h; path = ViewController.h; sourceTree = "<group>"; };
		143F989E1D6C46220076DCEC /* ViewController.m */ = {isa = PBXFileReference; lastKnownFileType = sourcecode.c.objc; path = ViewController.m; sourceTree = "<group>"; };
		143F98A11D6C46220076DCEC /* Base */ = {isa = PBXFileReference; lastKnownFileType = file.storyboard; name = Base; path = Base.lproj/Main.storyboard; sourceTree = "<group>"; };
		143F98A31D6C46220076DCEC /* Assets.xcassets */ = {isa = PBXFileReference; lastKnownFileType = folder.assetcatalog; path = Assets.xcassets; sourceTree = "<group>"; };
		143F98A61D6C46220076DCEC /* Base */ = {isa = PBXFileReference; lastKnownFileType = file.storyboard; name = Base; path = Base.lproj/LaunchScreen.storyboard; sourceTree = "<group>"; };
		143F98A81D6C46220076DCEC /* Info.plist */ = {isa = PBXFileReference; lastKnownFileType = text.plist.xml; path = Info.plist; sourceTree = "<group>"; };
		143F98AD1D6C46220076DCEC /* testapp2Tests.xctest */ = {isa = PBXFileReference; explicitFileType = wrapper.cfbundle; includeInIndex = 0; path = testapp2Tests.xctest; sourceTree = BUILT_PRODUCTS_DIR; };
		143F98B11D6C46220076DCEC /* testapp2Tests.m */ = {isa = PBXFileReference; lastKnownFileType = sourcecode.c.objc; path = testapp2Tests.m; sourceTree = "<group>"; };
		143F98B31D6C46220076DCEC /* Info.plist */ = {isa = PBXFileReference; lastKnownFileType = text.plist.xml; path = Info.plist; sourceTree = "<group>"; };
		143F98B81D6C46220076DCEC /* testapp2UITests.xctest */ = {isa = PBXFileReference; explicitFileType = wrapper.cfbundle; includeInIndex = 0; path = testapp2UITests.xctest; sourceTree = BUILT_PRODUCTS_DIR; };
		143F98BC1D6C46220076DCEC /* testapp2UITests.m */ = {isa = PBXFileReference; lastKnownFileType = sourcecode.c.objc; path = testapp2UITests.m; sourceTree = "<group>"; };
		143F98BE1D6C46220076DCEC /* Info.plist */ = {isa = PBXFileReference; lastKnownFileType = text.plist.xml; path = Info.plist; sourceTree = "<group>"; };
/* End PBXFileReference section */

/* Begin PBXFrameworksBuildPhase section */
		143F98911D6C46220076DCEC /* Frameworks */ = {
			isa = PBXFrameworksBuildPhase;
			buildActionMask = 2147483647;
			files = (
			);
			runOnlyForDeploymentPostprocessing = 0;
		};
		143F98AA1D6C46220076DCEC /* Frameworks */ = {
			isa = PBXFrameworksBuildPhase;
			buildActionMask = 2147483647;
			files = (
			);
			runOnlyForDeploymentPostprocessing = 0;
		};
		143F98B51D6C46220076DCEC /* Frameworks */ = {
			isa = PBXFrameworksBuildPhase;
			buildActionMask = 2147483647;
			files = (
			);
			runOnlyForDeploymentPostprocessing = 0;
		};
/* End PBXFrameworksBuildPhase section */

/* Begin PBXGroup section */
		143F988B1D6C46220076DCEC = {
			isa = PBXGroup;
			children = (
				143F98961D6C46220076DCEC /* testapp2 */,
				143F98B01D6C46220076DCEC /* testapp2Tests */,
				143F98BB1D6C46220076DCEC /* testapp2UITests */,
				143F98951D6C46220076DCEC /* Products */,
			);
			sourceTree = "<group>";
		};
		143F98951D6C46220076DCEC /* Products */ = {
			isa = PBXGroup;
			children = (
				143F98941D6C46220076DCEC /* testapp2.app */,
				143F98AD1D6C46220076DCEC /* testapp2Tests.xctest */,
				143F98B81D6C46220076DCEC /* testapp2UITests.xctest */,
			);
			name = Products;
			sourceTree = "<group>";
		};
		143F98961D6C46220076DCEC /* testapp2 */ = {
			isa = PBXGroup;
			children = (
				143F989A1D6C46220076DCEC /* AppDelegate.h */,
				143F989B1D6C46220076DCEC /* AppDelegate.m */,
				143F989D1D6C46220076DCEC /* ViewController.h */,
				143F989E1D6C46220076DCEC /* ViewController.m */,
				143F98A01D6C46220076DCEC /* Main.storyboard */,
				143F98A31D6C46220076DCEC /* Assets.xcassets */,
				143F98A51D6C46220076DCEC /* LaunchScreen.storyboard */,
				143F98A81D6C46220076DCEC /* Info.plist */,
				143F98971D6C46220076DCEC /* Supporting Files */,
			);
			path = testapp2;
			sourceTree = "<group>";
		};
		143F98971D6C46220076DCEC /* Supporting Files */ = {
			isa = PBXGroup;
			children = (
				143F98981D6C46220076DCEC /* main.m */,
			);
			name = "Supporting Files";
			sourceTree = "<group>";
		};
		143F98B01D6C46220076DCEC /* testapp2Tests */ = {
			isa = PBXGroup;
			children = (
				143F98B11D6C46220076DCEC /* testapp2Tests.m */,
				143F98B31D6C46220076DCEC /* Info.plist */,
			);
			path = testapp2Tests;
			sourceTree = "<group>";
		};
		143F98BB1D6C46220076DCEC /* testapp2UITests */ = {
			isa = PBXGroup;
			children = (
				143F98BC1D6C46220076DCEC /* testapp2UITests.m */,
				143F98BE1D6C46220076DCEC /* Info.plist */,
			);
			path = testapp2UITests;
			sourceTree = "<group>";
		};
/* End PBXGroup section */

/* Begin PBXNativeTarget section */
		143F98931D6C46220076DCEC /* testapp2 */ = {
			isa = PBXNativeTarget;
			buildConfigurationList = 143F98C11D6C46220076DCEC /* Build configuration list for PBXNativeTarget "testapp2" */;
			buildPhases = (
				143F98901D6C46220076DCEC /* Sources */,
				143F98911D6C46220076DCEC /* Frameworks */,
				143F98921D6C46220076DCEC /* Resources */,
			);
			buildRules = (
			);
			dependencies = (
			);
			name = testapp2;
			productName = testapp2;
			productReference = 143F98941D6C46220076DCEC /* testapp2.app */;
			productType = "com.apple.product-type.application";
		};
		143F98AC1D6C46220076DCEC /* testapp2Tests */ = {
			isa = PBXNativeTarget;
			buildConfigurationList = 143F98C41D6C46220076DCEC /* Build configuration list for PBXNativeTarget "testapp2Tests" */;
			buildPhases = (
				143F98A91D6C46220076DCEC /* Sources */,
				143F98AA1D6C46220076DCEC /* Frameworks */,
				143F98AB1D6C46220076DCEC /* Resources */,
			);
			buildRules = (
			);
			dependencies = (
				143F98AF1D6C46220076DCEC /* PBXTargetDependency */,
			);
			name = testapp2Tests;
			productName = testapp2Tests;
			productReference = 143F98AD1D6C46220076DCEC /* testapp2Tests.xctest */;
			productType = "com.apple.product-type.bundle.unit-test";
		};
		143F98B71D6C46220076DCEC /* testapp2UITests */ = {
			isa = PBXNativeTarget;
			buildConfigurationList = 143F98C71D6C46220076DCEC /* Build configuration list for PBXNativeTarget "testapp2UITests" */;
			buildPhases = (
				143F98B41D6C46220076DCEC /* Sources */,
				143F98B51D6C46220076DCEC /* Frameworks */,
				143F98B61D6C46220076DCEC /* Resources */,
			);
			buildRules = (
			);
			dependencies = (
				143F98BA1D6C46220076DCEC /* PBXTargetDependency */,
			);
			name = testapp2UITests;
			productName = testapp2UITests;
			productReference = 143F98B81D6C46220076DCEC /* testapp2UITests.xctest */;
			productType = "com.apple.product-type.bundle.ui-testing";
		};
/* End PBXNativeTarget section */

/* Begin PBXProject section */
		143F988C1D6C46220076DCEC /* Project object */ = {
			isa = PBXProject;
			attributes = {
				LastUpgradeCheck = 0730;
				ORGANIZATIONNAME = phicomm;
				TargetAttributes = {
					143F98931D6C46220076DCEC = {
						CreatedOnToolsVersion = 7.3.1;
					};
					143F98AC1D6C46220076DCEC = {
						CreatedOnToolsVersion = 7.3.1;
						TestTargetID = 143F98931D6C46220076DCEC;
					};
					143F98B71D6C46220076DCEC = {
						CreatedOnToolsVersion = 7.3.1;
						TestTargetID = 143F98931D6C46220076DCEC;
					};
				};
			};
			buildConfigurationList = 143F988F1D6C46220076DCEC /* Build configuration list for PBXProject "testapp2" */;
			compatibilityVersion = "Xcode 3.2";
			developmentRegion = English;
			hasScannedForEncodings = 0;
			knownRegions = (
				en,
				Base,
			);
			mainGroup = 143F988B1D6C46220076DCEC;
			productRefGroup = 143F98951D6C46220076DCEC /* Products */;
			projectDirPath = "";
			projectRoot = "";
			targets = (
				143F98931D6C46220076DCEC /* testapp2 */,
				143F98AC1D6C46220076DCEC /* testapp2Tests */,
				143F98B71D6C46220076DCEC /* testapp2UITests */,
			);
		};
/* End PBXProject section */

/* Begin PBXResourcesBuildPhase section */
		143F98921D6C46220076DCEC /* Resources */ = {
			isa = PBXResourcesBuildPhase;
			buildActionMask = 2147483647;
			files = (
				143F98A71D6C46220076DCEC /* LaunchScreen.storyboard in Resources */,
				143F98A41D6C46220076DCEC /* Assets.xcassets in Resources */,
				143F98A21D6C46220076DCEC /* Main.storyboard in Resources */,
			);
			runOnlyForDeploymentPostprocessing = 0;
		};
		143F98AB1D6C46220076DCEC /* Resources */ = {
			isa = PBXResourcesBuildPhase;
			buildActionMask = 2147483647;
			files = (
			);
			runOnlyForDeploymentPostprocessing = 0;
		};
		143F98B61D6C46220076DCEC /* Resources */ = {
			isa = PBXResourcesBuildPhase;
			buildActionMask = 2147483647;
			files = (
			);
			runOnlyForDeploymentPostprocessing = 0;
		};
/* End PBXResourcesBuildPhase section */

/* Begin PBXSourcesBuildPhase section */
		143F98901D6C46220076DCEC /* Sources */ = {
			isa = PBXSourcesBuildPhase;
			buildActionMask = 2147483647;
			files = (
				143F989F1D6C46220076DCEC /* ViewController.m in Sources */,
				143F989C1D6C46220076DCEC /* AppDelegate.m in Sources */,
				143F98991D6C46220076DCEC /* main.m in Sources */,
			);
			runOnlyForDeploymentPostprocessing = 0;
		};
		143F98A91D6C46220076DCEC /* Sources */ = {
			isa = PBXSourcesBuildPhase;
			buildActionMask = 2147483647;
			files = (
				143F98B21D6C46220076DCEC /* testapp2Tests.m in Sources */,
			);
			runOnlyForDeploymentPostprocessing = 0;
		};
		143F98B41D6C46220076DCEC /* Sources */ = {
			isa = PBXSourcesBuildPhase;
			buildActionMask = 2147483647;
			files = (
				143F98BD1D6C46220076DCEC /* testapp2UITests.m in Sources */,
			);
			runOnlyForDeploymentPostprocessing = 0;
		};
/* End PBXSourcesBuildPhase section */

/* Begin PBXTargetDependency section */
		143F98AF1D6C46220076DCEC /* PBXTargetDependency */ = {
			isa = PBXTargetDependency;
			target = 143F98931D6C46220076DCEC /* testapp2 */;
			targetProxy = 143F98AE1D6C46220076DCEC /* PBXContainerItemProxy */;
		};
		143F98BA1D6C46220076DCEC /* PBXTargetDependency */ = {
			isa = PBXTargetDependency;
			target = 143F98931D6C46220076DCEC /* testapp2 */;
			targetProxy = 143F98B91D6C46220076DCEC /* PBXContainerItemProxy */;
		};
/* End PBXTargetDependency section */

/* Begin PBXVariantGroup section */
		143F98A01D6C46220076DCEC /* Main.storyboard */ = {
			isa = PBXVariantGroup;
			children = (
				143F98A11D6C46220076DCEC /* Base */,
			);
			name = Main.storyboard;
			sourceTree = "<group>";
		};
		143F98A51D6C46220076DCEC /* LaunchScreen.storyboard */ = {
			isa = PBXVariantGroup;
			children = (
				143F98A61D6C46220076DCEC /* Base */,
			);
			name = LaunchScreen.storyboard;
			sourceTree = "<group>";
		};
/* End PBXVariantGroup section */

/* Begin XCBuildConfiguration section */
		143F98BF1D6C46220076DCEC /* Debug */ = {
			isa = XCBuildConfiguration;
			buildSettings = {
				ALWAYS_SEARCH_USER_PATHS = NO;
				CLANG_ANALYZER_NONNULL = YES;
				CLANG_CXX_LANGUAGE_STANDARD = "gnu++0x";
				CLANG_CXX_LIBRARY = "libc++";
				CLANG_ENABLE_MODULES = YES;
				CLANG_ENABLE_OBJC_ARC = YES;
				CLANG_WARN_BOOL_CONVERSION = YES;
				CLANG_WARN_CONSTANT_CONVERSION = YES;
				CLANG_WARN_DIRECT_OBJC_ISA_USAGE = YES_ERROR;
				CLANG_WARN_EMPTY_BODY = YES;
				CLANG_WARN_ENUM_CONVERSION = YES;
				CLANG_WARN_INT_CONVERSION = YES;
				CLANG_WARN_OBJC_ROOT_CLASS = YES_ERROR;
				CLANG_WARN_UNREACHABLE_CODE = YES;
				CLANG_WARN__DUPLICATE_METHOD_MATCH = YES;
				"CODE_SIGN_IDENTITY[sdk=iphoneos*]" = "iPhone Developer";
				COPY_PHASE_STRIP = NO;
				DEBUG_INFORMATION_FORMAT = dwarf;
				ENABLE_STRICT_OBJC_MSGSEND = YES;
				ENABLE_TESTABILITY = YES;
				GCC_C_LANGUAGE_STANDARD = gnu99;
				GCC_DYNAMIC_NO_PIC = NO;
				GCC_NO_COMMON_BLOCKS = YES;
				GCC_OPTIMIZATION_LEVEL = 0;
				GCC_PREPROCESSOR_DEFINITIONS = (
					"DEBUG=1",
					"$(inherited)",
				);
				GCC_WARN_64_TO_32_BIT_CONVERSION = YES;
				GCC_WARN_ABOUT_RETURN_TYPE = YES_ERROR;
				GCC_WARN_UNDECLARED_SELECTOR = YES;
				GCC_WARN_UNINITIALIZED_AUTOS = YES_AGGRESSIVE;
				GCC_WARN_UNUSED_FUNCTION = YES;
				GCC_WARN_UNUSED_VARIABLE = YES;
				IPHONEOS_DEPLOYMENT_TARGET = 9.3;
				MTL_ENABLE_DEBUG_INFO = YES;
				ONLY_ACTIVE_ARCH = YES;
				SDKROOT = iphoneos;
				TARGETED_DEVICE_FAMILY = "1,2";
			};
			name = Debug;
		};
		143F98C01D6C46220076DCEC /* Release */ = {
			isa = XCBuildConfiguration;
			buildSettings = {
				ALWAYS_SEARCH_USER_PATHS = NO;
				CLANG_ANALYZER_NONNULL = YES;
				CLANG_CXX_LANGUAGE_STANDARD = "gnu++0x";
				CLANG_CXX_LIBRARY = "libc++";
				CLANG_ENABLE_MODULES = YES;
				CLANG_ENABLE_OBJC_ARC = YES;
				CLANG_WARN_BOOL_CONVERSION = YES;
				CLANG_WARN_CONSTANT_CONVERSION = YES;
				CLANG_WARN_DIRECT_OBJC_ISA_USAGE = YES_ERROR;
				CLANG_WARN_EMPTY_BODY = YES;
				CLANG_WARN_ENUM_CONVERSION = YES;
				CLANG_WARN_INT_CONVERSION = YES;
				CLANG_WARN_OBJC_ROOT_CLASS = YES_ERROR;
				CLANG_WARN_UNREACHABLE_CODE = YES;
				CLANG_WARN__DUPLICATE_METHOD_MATCH = YES;
				"CODE_SIGN_IDENTITY[sdk=iphoneos*]" = "iPhone Developer";
				COPY_PHASE_STRIP = NO;
				DEBUG_INFORMATION_FORMAT = "dwarf-with-dsym";
				ENABLE_NS_ASSERTIONS = NO;
				ENABLE_STRICT_OBJC_MSGSEND = YES;
				GCC_C_LANGUAGE_STANDARD = gnu99;
				GCC_NO_COMMON_BLOCKS = YES;
				GCC_WARN_64_TO_32_BIT_CONVERSION = YES;
				GCC_WARN_ABOUT_RETURN_TYPE = YES_ERROR;
				GCC_WARN_UNDECLARED_SELECTOR = YES;
				GCC_WARN_UNINITIALIZED_AUTOS = YES_AGGRESSIVE;
				GCC_WARN_UNUSED_FUNCTION = YES;
				GCC_WARN_UNUSED_VARIABLE = YES;
				IPHONEOS_DEPLOYMENT_TARGET = 9.3;
				MTL_ENABLE_DEBUG_INFO = NO;
				SDKROOT = iphoneos;
				TARGETED_DEVICE_FAMILY = "1,2";
				VALIDATE_PRODUCT = YES;
			};
			name = Release;
		};
		143F98C21D6C46220076DCEC /* Debug */ = {
			isa = XCBuildConfiguration;
			buildSettings = {
				ASSETCATALOG_COMPILER_APPICON_NAME = AppIcon;
				INFOPLIST_FILE = testapp2/Info.plist;
				LD_RUNPATH_SEARCH_PATHS = "$(inherited) @executable_path/Frameworks";
				PRODUCT_BUNDLE_IDENTIFIER = com.phicomm.testapp2;
				PRODUCT_NAME = "$(TARGET_NAME)";
			};
			name = Debug;
		};
		143F98C31D6C46220076DCEC /* Release */ = {
			isa = XCBuildConfiguration;
			buildSettings = {
				ASSETCATALOG_COMPILER_APPICON_NAME = AppIcon;
				INFOPLIST_FILE = testapp2/Info.plist;
				LD_RUNPATH_SEARCH_PATHS = "$(inherited) @executable_path/Frameworks";
				PRODUCT_BUNDLE_IDENTIFIER = com.phicomm.testapp2;
				PRODUCT_NAME = "$(TARGET_NAME)";
			};
			name = Release;
		};
		143F98C51D6C46220076DCEC /* Debug */ = {
			isa = XCBuildConfiguration;
			buildSettings = {
				BUNDLE_LOADER = "$(TEST_HOST)";
				INFOPLIST_FILE = testapp2Tests/Info.plist;
				LD_RUNPATH_SEARCH_PATHS = "$(inherited) @executable_path/Frameworks @loader_path/Frameworks";
				PRODUCT_BUNDLE_IDENTIFIER = com.phicomm.testapp2Tests;
				PRODUCT_NAME = "$(TARGET_NAME)";
				TEST_HOST = "$(BUILT_PRODUCTS_DIR)/testapp2.app/testapp2";
			};
			name = Debug;
		};
		143F98C61D6C46220076DCEC /* Release */ = {
			isa = XCBuildConfiguration;
			buildSettings = {
				BUNDLE_LOADER = "$(TEST_HOST)";
				INFOPLIST_FILE = testapp2Tests/Info.plist;
				LD_RUNPATH_SEARCH_PATHS = "$(inherited) @executable_path/Frameworks @loader_path/Frameworks";
				PRODUCT_BUNDLE_IDENTIFIER = com.phicomm.testapp2Tests;
				PRODUCT_NAME = "$(TARGET_NAME)";
				TEST_HOST = "$(BUILT_PRODUCTS_DIR)/testapp2.app/testapp2";
			};
			name = Release;
		};
		143F98C81D6C46220076DCEC /* Debug */ = {
			isa = XCBuildConfiguration;
			buildSettings = {
				INFOPLIST_FILE = testapp2UITests/Info.plist;
				LD_RUNPATH_SEARCH_PATHS = "$(inherited) @executable_path/Frameworks @loader_path/Frameworks";
				PRODUCT_BUNDLE_IDENTIFIER = com.phicomm.testapp2UITests;
				PRODUCT_NAME = "$(TARGET_NAME)";
				TEST_TARGET_NAME = testapp2;
			};
			name = Debug;
		};
		143F98C91D6C46220076DCEC /* Release */ = {
			isa = XCBuildConfiguration;
			buildSettings = {
				INFOPLIST_FILE = testapp2UITests/Info.plist;
				LD_RUNPATH_SEARCH_PATHS = "$(inherited) @executable_path/Frameworks @loader_path/Frameworks";
				PRODUCT_BUNDLE_IDENTIFIER = com.phicomm.testapp2UITests;
				PRODUCT_NAME = "$(TARGET_NAME)";
				TEST_TARGET_NAME = testapp2;
			};
			name = Release;
		};
/* End XCBuildConfiguration section */

/* Begin XCConfigurationList section */
		143F988F1D6C46220076DCEC /* Build configuration list for PBXProject "testapp2" */ = {
			isa = XCConfigurationList;
			buildConfigurations = (
				143F98BF1D6C46220076DCEC /* Debug */,
				143F98C01D6C46220076DCEC /* Release */,
			);
			defaultConfigurationIsVisible = 0;
			defaultConfigurationName = Release;
		};
		143F98C11D6C46220076DCEC /* Build configuration list for PBXNativeTarget "testapp2" */ = {
			isa = XCConfigurationList;
			buildConfigurations = (
				143F98C21D6C46220076DCEC /* Debug */,
				143F98C31D6C46220076DCEC /* Release */,
			);
			defaultConfigurationIsVisible = 0;
		};
		143F98C41D6C46220076DCEC /* Build configuration list for PBXNativeTarget "testapp2Tests" */ = {
			isa = XCConfigurationList;
			buildConfigurations = (
				143F98C51D6C46220076DCEC /* Debug */,
				143F98C61D6C46220076DCEC /* Release */,
			);
			defaultConfigurationIsVisible = 0;
		};
		143F98C71D6C46220076DCEC /* Build configuration list for PBXNativeTarget "testapp2UITests" */ = {
			isa = XCConfigurationList;
			buildConfigurations = (
				143F98C81D6C46220076DCEC /* Debug */,
				143F98C91D6C46220076DCEC /* Release */,
			);
			defaultConfigurationIsVisible = 0;
		};
/* End XCConfigurationList section */
	};
	rootObject = 143F988C1D6C46220076DCEC /* Project object */;
}
